
Microsoft Visual Studio Solution File, Format Version 12.00
# Visual Studio Version 17
VisualStudioVersion = 17.7.34031.279
MinimumVisualStudioVersion = 10.0.40219.1
Project("{9A19103F-16F7-4668-BE54-9A1E7A4F7556}") = "CalculoUNIP", "CalculoUNIP\CalculoUNIP.csproj", "{BB2B6749-5763-4DF5-A6F6-1B7F4BF8FE44}"
EndProject
Global
	GlobalSection(SolutionConfigurationPlatforms) = preSolution
		Debug|Any CPU = Debug|Any CPU
		Release|Any CPU = Release|Any CPU
	EndGlobalSection
	GlobalSection(ProjectConfigurationPlatforms) = postSolution
		{BB2B6749-5763-4DF5-A6F6-1B7F4BF8FE44}.Debug|Any CPU.ActiveCfg = Debug|Any CPU
		{BB2B6749-5763-4DF5-A6F6-1B7F4BF8FE44}.Debug|Any CPU.Build.0 = Debug|Any CPU
		{BB2B6749-5763-4DF5-A6F6-1B7F4BF8FE44}.Release|Any CPU.ActiveCfg = Release|Any CPU
		{BB2B6749-5763-4DF5-A6F6-1B7F4BF8FE44}.Release|Any CPU.Build.0 = Release|Any CPU
	EndGlobalSection
	GlobalSection(SolutionProperties) = preSolution
		HideSolutionNode = FALSE
	EndGlobalSection
	GlobalSection(ExtensibilityGlobals) = postSolution
		SolutionGuid = {3D461E2F-694E-4714-8C65-A0AE6A54B19A}
	EndGlobalSection
EndGlobal
